
Microsoft Visual Studio Solution File, Format Version 12.00
Project("{FAE04EC0-301F-11D3-BF4B-00C04F79EFBC}") = "Shared", "Shared\Shared.csproj", "{A077090F-2C5F-4257-8C85-387899645EC1}"
EndProject
Project("{FAE04EC0-301F-11D3-BF4B-00C04F79EFBC}") = "Unity", "Unity\Unity.csproj", "{251AC400-B3EE-4305-BE4A-315C6A60D960}"
EndProject
Project("{FAE04EC0-301F-11D3-BF4B-00C04F79EFBC}") = "Backend", "Backend\Backend.csproj", "{F78F7656-8E5E-4408-994A-1D6424126C76}"
EndProject
Global
	GlobalSection(SolutionConfigurationPlatforms) = preSolution
		Debug|Any CPU = Debug|Any CPU
		Release|Any CPU = Release|Any CPU
	EndGlobalSection
	GlobalSection(ProjectConfigurationPlatforms) = postSolution
		{A077090F-2C5F-4257-8C85-387899645EC1}.Debug|Any CPU.ActiveCfg = Debug|Any CPU
		{A077090F-2C5F-4257-8C85-387899645EC1}.Debug|Any CPU.Build.0 = Debug|Any CPU
		{A077090F-2C5F-4257-8C85-387899645EC1}.Release|Any CPU.ActiveCfg = Release|Any CPU
		{A077090F-2C5F-4257-8C85-387899645EC1}.Release|Any CPU.Build.0 = Release|Any CPU
		{251AC400-B3EE-4305-BE4A-315C6A60D960}.Debug|Any CPU.ActiveCfg = Debug|Any CPU
		{251AC400-B3EE-4305-BE4A-315C6A60D960}.Debug|Any CPU.Build.0 = Debug|Any CPU
		{251AC400-B3EE-4305-BE4A-315C6A60D960}.Release|Any CPU.ActiveCfg = Release|Any CPU
		{251AC400-B3EE-4305-BE4A-315C6A60D960}.Release|Any CPU.Build.0 = Release|Any CPU
		{F78F7656-8E5E-4408-994A-1D6424126C76}.Debug|Any CPU.ActiveCfg = Debug|Any CPU
		{F78F7656-8E5E-4408-994A-1D6424126C76}.Debug|Any CPU.Build.0 = Debug|Any CPU
		{F78F7656-8E5E-4408-994A-1D6424126C76}.Release|Any CPU.ActiveCfg = Release|Any CPU
		{F78F7656-8E5E-4408-994A-1D6424126C76}.Release|Any CPU.Build.0 = Release|Any CPU
	EndGlobalSection
EndGlobal
